code.cloudfoundry.org/bytefmt v0.0.0-20180906201452-2aa6f33b730c h1:VzwteSWGbW9mxXTEkH+kpnao5jbgLynw3hq742juQh8=
code.cloudfoundry.org/bytefmt v0.0.0-20180906201452-2aa6f33b730c/go.mod h1:wN/zk7mhREp/oviagqUXY3EwuHhWyOvAdsn5Y4CzOrc=
github.com/boltdb/bolt v1.3.1 h1:JQmyP4ZBrce+ZQu0dY660FMfatumYDLun9hBCUVIkF4=
github.com/boltdb/bolt v1.3.1/go.mod h1:clJnj/oiGkjum5o1McbSZDSLxVThjynRyGBgiAx27Ps=
github.com/coreos/etcd v3.2.6+incompatible h1:oJYx5qAPH+8qt6Y1u6cQrXblBnRyGzif88++ICKWxo0=
github.com/coreos/etcd v3.2.6+incompatible/go.mod h1:uF7uidLiAD3TWHmW31ZFd/JWoc32PjwdhPthX9715RE=
github.com/coreos/go-semver v0.2.0 h1:3Jm3tLmsgAYcjC+4Up7hJrFBPr+n7rAqYeSw/SZazuY=
github.com/coreos/go-semver v0.2.0/go.mod h1:nnelYz7RCh+5ahJtPPxZlU+153eP4D4r3EedlOD2RNk=
github.com/davecgh/go-spew v1.1.0/go.mod h1:J7Y8YcW2NihsgmVo/mv3lAwl/skON4iLHjSsI+c5H38=
github.com/davecgh/go-spew v1.1.1/go.mod h1:J7Y8YcW2NihsgmVo/mv3lAwl/skON4iLHjSsI+c5H38=
github.com/fkautz/peertracker v0.0.0-20160707070610-0807e938a098 h1:isIgEfWgGh6Yd8iFseItMMIdU4p8Hx6yRbxTVcJE3II=
github.com/fkautz/peertracker v0.0.0-20160707070610-0807e938a098/go.mod h1:RNg1A10oigyShPmE1aK7v0I4oZ34oAdvEQ0f9pUjWu4=
github.com/fsnotify/fsnotify v1.4.3-0.20161013012219-bd2828f9f176 h1:V5RgiJ7H3wG8HYucNLfqGXgIz6C7UspXnWsVbr45zY0=
github.com/fsnotify/fsnotify v1.4.3-0.20161013012219-bd2828f9f176/go.mod h1:jwhsz4b93w/PPRr/qN1Yymfu8t87LnFCMoQvtojpjFo=
github.com/golang/groupcache v0.0.0-20160516000752-02826c3e7903 h1:LbsanbbD6LieFkXbj9YNNBupiGHJgFeLpO0j0Fza1h8=
github.com/golang/groupcache v0.0.0-20160516000752-02826c3e7903/go.mod h1:cIg4eruTrX1D+g88fzRXU5OdNfaM+9IcxsU14FzY7Hc=
github.com/golang/protobuf v0.0.0-20161109072736-4bd1920723d7 h1:VoRHccBV7zFWlO/I85D1ke/x5Ak9Y7gKm9gkf7LHNhI=
github.com/golang/protobuf v0.0.0-20161109072736-4bd1920723d7/go.mod h1:6lQm79b+lXiMfvg/cZm0SGofjICqVBUtrP5yJMmIC1U=
github.com/gorilla/context v1.1.1/go.mod h1:kBGZzfjB9CEq2AlWe17Uuf7NDRt0dE0s8S51q0aT7Yg=
github.com/gorilla/handlers v1.4.0 h1:XulKRWSQK5uChr4pEgSE4Tc/OcmnU9GJuSwdog/tZsA=
github.com/gorilla/handlers v1.4.0/go.mod h1:Qkdc/uu4tH4g6mTK6auzZ766c4CA0Ng8+o/OAirnOIQ=
github.com/gorilla/mux v1.4.0 h1:N6R8isjoRv7IcVVlf0cTBbo0UDc9V6ZXWEm0HQoQmLo=
github.com/gorilla/mux v1.4.0/go.mod h1:1lud6UwP+6orDFRuTfBEV8e9/aOM/c4fVVCaMa2zaAs=
github.com/hashicorp/hcl v0.0.0-20161019170701-99ce73d4fe57 h1:rZmU2kX40ktHdS8+hzl4DTDJ9LvnExOZb+WojWzAsnc=
github.com/hashicorp/hcl v0.0.0-20161019170701-99ce73d4fe57/go.mod h1:oZtUIOe8dh44I2q6ScRibXws4Ajl+d+nod3AaR9vL5w=
github.com/inconshreveable/mousetrap v1.0.0/go.mod h1:PxqpIevigyE2G7u3NXJIT2ANytuPF1OarO4DADm73n8=
github.com/kr/fs v0.0.0-20131111012553-2788f0dbd169 h1:YUrU1/jxRqnt0PSrKj1Uj/wEjk/fjnE80QFfi2Zlj7Q=
github.com/kr/fs v0.0.0-20131111012553-2788f0dbd169/go.mod h1:glhvuHOU9Hy7/8PwwdtnarXqLagOX0b/TbZx2zLMqEg=
github.com/magiconair/properties v1.7.1-0.20160908093658-0723e352fa35 h1:WtkHGe1cgg+lvDj9p5CvjXrfopsIss0vIAz+/zeYZyQ=
github.com/magiconair/properties v1.7.1-0.20160908093658-0723e352fa35/go.mod h1:PppfXfuXeibc/6YijjN8zIbojt8czPbwD3XqdrwzmxQ=
github.com/mitchellh/mapstructure v0.0.0-20161020161836-f3009df150da h1:z1HPq7I0Eajh3On8i7MEfqOurIg+aCllNR3omoF2UNY=
github.com/mitchellh/mapstructure v0.0.0-20161020161836-f3009df150da/go.mod h1:FVVH3fgwuzCH5S8UJGiWEs2h04kUh9fWfEaFds41c1Y=
github.com/pelletier/go-buffruneio v0.2.0 h1:U4t4R6YkofJ5xHm3dJzuRpPZ0mr5MMCoAWooScCR7aA=
github.com/pelletier/go-buffruneio v0.2.0/go.mod h1:JkE26KsDizTr40EUHkXVtNPvgGtbSNq5BcowyYOWdKo=
github.com/pelletier/go-toml v1.0.0 h1:QFDlmAXZrfPXEF6c9+15fMqhQIS3O0pxszhnk936vg4=
github.com/pelletier/go-toml v1.0.0/go.mod h1:5z9KED0ma1S8pY6P1sdut58dfprrGBbd/94hg7ilaic=
github.com/pkg/errors v0.8.1-0.20161002052512-839d9e913e06 h1:swlfMC08lNw0gC4UR7Xz9id7JZ3K+I1oEehKgRL399U=
github.com/pkg/errors v0.8.1-0.20161002052512-839d9e913e06/go.mod h1:bwawxfHBFNV+L2hUp1rHADufV3IMtnDRdf1r5NINEl0=
github.com/pkg/sftp v0.0.0-20160930220758-4d0e916071f6 h1:V8AT/I4KmIDRfObq0yBUvbD4DeaYmQY9GhC5sKl24Mo=
github.com/pkg/sftp v0.0.0-20160930220758-4d0e916071f6/go.mod h1:NxmoDg/QLVWluQDUYG7XBZTLUpKeFa8e3aMf1BfjyHk=
github.com/pmezard/go-difflib v1.0.0/go.mod h1:iKH77koFhYxTK1pcRnkKkqfTogsbg7gZNVY4sRDYZ/4=
github.com/pquerna/cachecontrol v0.0.0-20160421231612-c97913dcbd76 h1:O60OlfVScwx/OixpMy8gIPeKNIN3bI9BrOuTIUexlbc=
github.com/pquerna/cachecontrol v0.0.0-20160421231612-c97913dcbd76/go.mod h1:prYjPmNq4d1NPVmpShWobRqXY3q7Vp+80DqgxxUrUIA=
github.com/spf13/afero v0.0.0-20160919210114-52e4a6cfac46 h1:oJAUI67mq3xuqudgt8CGd+pkKPML8+AoFWzP1vPYHFc=
github.com/spf13/afero v0.0.0-20160919210114-52e4a6cfac46/go.mod h1:j4pytiNVoe2o6bmDsKpLACNPDBIoEAkihy7loJ1B0CQ=
github.com/spf13/cast v0.0.0-20160926084249-2580bc98dc0e h1:+axhEi83O3FFcwP/e9t09UHRmV1zZFl8RsgtO0zuZhY=
github.com/spf13/cast v0.0.0-20160926084249-2580bc98dc0e/go.mod h1:r2rcYCSwa1IExKTDiTfzaxqT2FNHs8hODu4LnUfgKEg=
github.com/spf13/cobra v0.0.0-20161014222036-856b96dcb49d h1:3DcijoKnes3z4/+YyF/0relm9aJJ8ypfyHHz0OWz1Z8=
github.com/spf13/cobra v0.0.0-20161014222036-856b96dcb49d/go.mod h1:1l0Ry5zgKvJasoi3XT1TypsSe7PqH0Sj9dhYf7v3XqQ=
github.com/spf13/jwalterweatherman v0.0.0-20160311093646-33c24e77fb80 h1:evyGXhHMrxKBDkdlSPv9HMWV2o53o+Ibhm28BGc0450=
github.com/spf13/jwalterweatherman v0.0.0-20160311093646-33c24e77fb80/go.mod h1:cQK4TGJAtQXfYWX+Ddv3mKDzgVb68N+wFjFa4jdeBTo=
github.com/spf13/pflag v1.0.3 h1:zPAT6CGy6wXeQ7NtTnaTerfKOsV6V6F8agHXFiazDkg=
github.com/spf13/pflag v1.0.3/go.mod h1:DYY7MBk1bdzusC3SYhjObp+wFpr4gzcvqqNjLnInEg4=
github.com/spf13/viper v0.0.0-20161014092445-50515b700e02 h1:PFonTTdUY0QX1gE8PwLLbjtgn1Hy3hrUzkzedN7P3Eo=
github.com/spf13/viper v0.0.0-20161014092445-50515b700e02/go.mod h1:A8kyI5cUJhb8N+3pkfONlcEcZbueH6nhAm0Fq7SrnBM=
github.com/stretchr/objx v0.1.0/go.mod h1:HFkY916IF+rwdDfMAkV7OtwuqBVzrE8GR6GFx+wExME=
github.com/stretchr/objx v0.1.1/go.mod h1:HFkY916IF+rwdDfMAkV7OtwuqBVzrE8GR6GFx+wExME=
github.com/stretchr/objx v0.2.0 h1:Hbg2NidpLE8veEBkEZTL3CvlkUIVzuU9jDplZO54c48=
github.com/stretchr/objx v0.2.0/go.mod h1:qt09Ya8vawLte6SNmTgCsAVtYtaKzEcn8ATUoHMkEqE=
github.com/stretchr/testify v1.3.0/go.mod h1:M5WIy9Dh21IEIfnGCwXGc5bZfKNJtfHm1UVUgZn+9EI=
github.com/ugorji/go v0.0.0-20170107133203-ded73eae5db7 h1:BPPUhSq7uU6E9lFzyb81vjwVOhiWwMXp0EpKL75NX+8=
github.com/ugorji/go v0.0.0-20170107133203-ded73eae5db7/go.mod h1:hnLbHMwcvSihnDhEfx2/BzKp2xb0Y+ErdfYcrs9tkJQ=
golang.org/x/crypto v0.0.0-20150218234220-1351f936d976 h1:IqUhiNZ/PS0T3mCxyIJiLqyg8WUuPx8OoIg1d4JcpkM=
golang.org/x/crypto v0.0.0-20150218234220-1351f936d976/go.mod h1:6SG95UA2DQfeDnfUPMdvaQW0Q7yPrPDi9nlGo2tz2b4=
golang.org/x/net v0.0.0-20170421002609-c8c74377599b h1:0xi+vCJycVjnuU8kmgp0TaCZ1jHkqfhLs1Tg7hLwmyg=
golang.org/x/net v0.0.0-20170421002609-c8c74377599b/go.mod h1:mL1N/T3taQHkDXs73rZJwtUhF3w3ftmwwsq0BUmARs4=
golang.org/x/sys v0.0.0-20170303135930-e48874b42435 h1:l6zlvfUdGUw4RTRRTfu0Q8RV/jbTVGIpRvwFgrfNEJs=
golang.org/x/sys v0.0.0-20170303135930-e48874b42435/go.mod h1:STP8DvDyc/dI5b8T5hshtkjS+E42TnysNCUPdjciGhY=
golang.org/x/text v0.0.0-20161020133420-5a42fa246475 h1:ufBjbv5GHmnnrjcKCw6sKx+88TfqJg4DY39H/i4I9hA=
golang.org/x/text v0.0.0-20161020133420-5a42fa246475/go.mod h1:NqM8EUOU14njkJ3fqMW+pc6Ldnwhi/IjpwHt7yyuwOQ=
google.golang.org/grpc v1.2.1 h1:uXbsPclX7+aYIzPCched4e5D5dguzKH7wW8cyJ9r2Pk=
google.golang.org/grpc v1.2.1/go.mod h1:yo6s7OP7yaDglbqo1J04qKzAhqBH6lvTonzMVmEdcZw=
gopkg.in/yaml.v2 v2.0.0-20160928153709-a5b47d31c556 h1:hKXbLW5oaJoQgs8KrzTLdF4PoHi+0oQPgea9TNtvE3E=
gopkg.in/yaml.v2 v2.0.0-20160928153709-a5b47d31c556/go.mod h1:JAlM8MvJe8wmxCU4Bli9HhUf9+ttbYbLASfIpnQbh74=
