# This file is autogenerated, do not edit; changes may be undone by the next 'dep ensure'.


[[projects]]
  branch = "master"
  digest = "1:d1a104572273cfb58e801812704dca4fe2eab80f3b0144592a722a76c280c598"
  name = "code.cloudfoundry.org/bytefmt"
  packages = ["."]
  pruneopts = "UT"
  revision = "2aa6f33b730c79971cfc3c742f279195b0abc627"

[[projects]]
  digest = "1:0f98f59e9a2f4070d66f0c9c39561f68fcd1dc837b22a852d28d0003aebd1b1e"
  name = "github.com/boltdb/bolt"
  packages = ["."]
  pruneopts = "UT"
  revision = "2f1ce7a837dcb8da3ec595b1dac9d0632f0f99e8"
  version = "v1.3.1"

[[projects]]
  digest = "1:89410b976491599302e268e2c3bdda1c887418f539883dfc7256abefebcb1dd2"
  name = "github.com/coreos/etcd"
  packages = [
    "auth/authpb",
    "client",
    "clientv3",
    "etcdserver/api/v3rpc/rpctypes",
    "etcdserver/etcdserverpb",
    "mvcc/mvccpb",
    "pkg/pathutil",
    "pkg/srv",
    "pkg/types",
    "version",
  ]
  pruneopts = "UT"
  revision = "d57e8b8d97adfc4a6c224fe116714bf1a1f3beb9"
  version = "v3.3.12"

[[projects]]
  digest = "1:0ef770954bca104ee99b3b6b7f9b240605ac03517d9f98cbc1893daa03f3c038"
  name = "github.com/coreos/go-semver"
  packages = ["semver"]
  pruneopts = "UT"
  revision = "8ab6407b697782a06568d4b7f1db25550ec2e4c6"
  version = "v0.2.0"

[[projects]]
  digest = "1:667f41be124637d8af08d9163be07cc718ae291bc590b6a91047c94b25ef0753"
  name = "github.com/davecgh/go-spew"
  packages = ["spew"]
  pruneopts = "UT"
  revision = "6d212800a42e8ab5c146b8ace3490ee17e5225f9"

[[projects]]
  branch = "master"
  digest = "1:1031891fd9e1d8ec09d70531d29e82cef37eb12f103fd21b12ad39d0e83fe86d"
  name = "github.com/fkautz/peertracker"
  packages = ["."]
  pruneopts = "UT"
  revision = "0807e938a09870f14ea9d9affdab386a15813ab0"

[[projects]]
  digest = "1:aed63cf5b1b55dbc9c175458ce3f5a9f47d8d212182657fd04ac57d65b7df929"
  name = "github.com/fsnotify/fsnotify"
  packages = ["."]
  pruneopts = "UT"
  revision = "bd2828f9f176e52d7222e565abb2d338d3f3c103"

[[projects]]
  digest = "1:a9c85389dbd301c97a3499fe15a2b65b505b5f0cb0f1120dea59f1f3d6b11d96"
  name = "github.com/gogo/protobuf"
  packages = [
    "gogoproto",
    "proto",
    "protoc-gen-gogo/descriptor",
  ]
  pruneopts = "UT"
  revision = "4cbf7e384e768b4e01799441fdf2a706a5635ae7"
  version = "v1.2.0"

[[projects]]
  digest = "1:20134446d81a6f3a7cb2be8b09aa5ce0c9357d2e394591ec9d09c4a64dffde8e"
  name = "github.com/golang/groupcache"
  packages = [
    ".",
    "consistenthash",
    "groupcachepb",
    "lru",
    "singleflight",
  ]
  pruneopts = "UT"
  revision = "02826c3e79038b59d737d3b1c0a1d937f71a4433"

[[projects]]
  digest = "1:9a832445f868f891095e433ebfad948a2cc946c722abdc745f8cab58bf7c1ef3"
  name = "github.com/golang/protobuf"
  packages = [
    "proto",
    "ptypes",
    "ptypes/any",
    "ptypes/duration",
    "ptypes/timestamp",
  ]
  pruneopts = "UT"
  revision = "4bd1920723d7b7c925de087aa32e2187708897f7"

[[projects]]
  digest = "1:c79fb010be38a59d657c48c6ba1d003a8aa651fa56b579d959d74573b7dff8e1"
  name = "github.com/gorilla/context"
  packages = ["."]
  pruneopts = "UT"
  revision = "08b5f424b9271eedf6f9f0ce86cb9396ed337a42"
  version = "v1.1.1"

[[projects]]
  digest = "1:4dd70d4e47ff713e8b6f904894fec98e51fe276307a570934d0f9061757e6bf5"
  name = "github.com/gorilla/handlers"
  packages = ["."]
  pruneopts = "UT"
  revision = "a4043c62cc2329bacda331d33fc908ab11ef0ec3"
  version = "v1.2.1"

[[projects]]
  digest = "1:dc10acb30ea3555604b64a0463d86e5901fc7d855299b96ab8fb0fae57ad8b0e"
  name = "github.com/gorilla/mux"
  packages = ["."]
  pruneopts = "UT"
  revision = "bcd8bc72b08df0f70df986b97f95590779502d31"
  version = "v1.4.0"

[[projects]]
  digest = "1:6514d79bcf7983e52c7f42ae634c61054af5e9b17c261a542f2e3272146b08df"
  name = "github.com/hashicorp/hcl"
  packages = [
    ".",
    "hcl/ast",
    "hcl/parser",
    "hcl/scanner",
    "hcl/strconv",
    "hcl/token",
    "json/parser",
    "json/scanner",
    "json/token",
  ]
  pruneopts = "UT"
  revision = "99ce73d4fe576449f7a689d4fc2b2ad09a86bdaa"

[[projects]]
  digest = "1:870d441fe217b8e689d7949fef6e43efbc787e50f200cb1e70dbca9204a1d6be"
  name = "github.com/inconshreveable/mousetrap"
  packages = ["."]
  pruneopts = "UT"
  revision = "76626ae9c91c4f2a10f34cad8ce83ea42c93bb75"
  version = "v1.0"

[[projects]]
  digest = "1:81780a09277ee80f2bfbb90da6f51b5de95423db6cde8ff6d72cd20eba989bba"
  name = "github.com/kr/fs"
  packages = ["."]
  pruneopts = "UT"
  revision = "2788f0dbd16903de03cb8186e5c7d97b69ad387b"

[[projects]]
  digest = "1:ad64e297f65e4e80644e3010363f555644d22966db06e3634c6ceb2a856589cb"
  name = "github.com/magiconair/properties"
  packages = ["."]
  pruneopts = "UT"
  revision = "0723e352fa358f9322c938cc2dadda874e9151a9"

[[projects]]
  digest = "1:511aec95cfdfd74f7eeb6e519649cf488fcc35dace36fad58c78557ebce70dc3"
  name = "github.com/mitchellh/mapstructure"
  packages = ["."]
  pruneopts = "UT"
  revision = "f3009df150dadf309fdee4a54ed65c124afad715"

[[projects]]
  digest = "1:b2ee62e09bec113cf086d2ce0769efcc7bf79481aba8373fd8f7884e94df3462"
  name = "github.com/pelletier/go-buffruneio"
  packages = ["."]
  pruneopts = "UT"
  revision = "c37440a7cf42ac63b919c752ca73a85067e05992"
  version = "v0.2.0"

[[projects]]
  digest = "1:e27da28550455cdbd8af6c6a58f91f39b8d44c6cda0f1a4b33348887c0db74fd"
  name = "github.com/pelletier/go-toml"
  packages = ["."]
  pruneopts = "UT"
  revision = "5ccdfb18c776b740aecaf085c4d9a2779199c279"
  version = "v1.0.0"

[[projects]]
  digest = "1:40e195917a951a8bf867cd05de2a46aaf1806c50cf92eebf4c16f78cd196f747"
  name = "github.com/pkg/errors"
  packages = ["."]
  pruneopts = "UT"
  revision = "839d9e913e063e28dfd0e6c7b7512793e0a48be9"

[[projects]]
  digest = "1:8c2de3d113427f30484c85b8fdb3286a567e2af8e60b379f8d85e3af90e20089"
  name = "github.com/pkg/sftp"
  packages = ["."]
  pruneopts = "UT"
  revision = "4d0e916071f68db74f8a73926335f809396d6b42"

[[projects]]
  digest = "1:08413c4235cad94a96c39e1e2f697789733c4a87d1fdf06b412d2cf2ba49826a"
  name = "github.com/pmezard/go-difflib"
  packages = ["difflib"]
  pruneopts = "UT"
  revision = "d8ed2627bdf02c080bf22230dbb337003b7aba2d"

[[projects]]
  digest = "1:e75bda51d185d792b0aa8b29612b27db6cd493d186112c01ec594e40bdb19456"
  name = "github.com/pquerna/cachecontrol"
  packages = ["cacheobject"]
  pruneopts = "UT"
  revision = "c97913dcbd76de40b051a9b4cd827f7eaeb7a868"

[[projects]]
  digest = "1:ad377bd8cc2628c57276e9f880e5211774c916edb8139716b3153092b028c58c"
  name = "github.com/spf13/afero"
  packages = [
    ".",
    "mem",
    "sftp",
  ]
  pruneopts = "UT"
  revision = "52e4a6cfac46163658bd4f123c49b6ee7dc75f78"

[[projects]]
  digest = "1:964ec0e39dbdedeb872407141c0d196f1c66a88796993c2695db293bc3ff99c5"
  name = "github.com/spf13/cast"
  packages = ["."]
  pruneopts = "UT"
  revision = "2580bc98dc0e62908119e4737030cc2fdfc45e4c"

[[projects]]
  digest = "1:466208cd4f78e2a453d92381511c0fa7bba694a3b42e5bed4a59f3ecbe1bb567"
  name = "github.com/spf13/cobra"
  packages = ["."]
  pruneopts = "UT"
  revision = "856b96dcb49d6427babe192998a35190a12c2230"

[[projects]]
  digest = "1:16c1437fdd40ea6e3419868c7ee065376bb36c660c63d86dc858bdf05d20033d"
  name = "github.com/spf13/jwalterweatherman"
  packages = ["."]
  pruneopts = "UT"
  revision = "33c24e77fb80341fe7130ee7c594256ff08ccc46"

[[projects]]
  digest = "1:c1b1102241e7f645bc8e0c22ae352e8f0dc6484b6cb4d132fa9f24174e0119e2"
  name = "github.com/spf13/pflag"
  packages = ["."]
  pruneopts = "UT"
  revision = "298182f68c66c05229eb03ac171abe6e309ee79a"
  version = "v1.0.3"

[[projects]]
  digest = "1:31ac151c73d23db26d2ae3a2f4a0430b23fdace48938f3aab59a28ef14dc2235"
  name = "github.com/spf13/viper"
  packages = ["."]
  pruneopts = "UT"
  revision = "50515b700e02658272117a72bd641b6b7f1222e5"

[[projects]]
  digest = "1:d230c34ddd87ce1f57e6417135ae8fa9b02aef7a5e054489747139cee2b11536"
  name = "github.com/stretchr/objx"
  packages = ["."]
  pruneopts = "UT"
  revision = "cbeaeb16a013161a98496fad62933b1d21786672"

[[projects]]
  digest = "1:e7c64d1aa12dd3cb65e82568ba55fe529903575a47115c304b7a76abd8d00134"
  name = "github.com/stretchr/testify"
  packages = [
    "assert",
    "mock",
  ]
  pruneopts = "UT"
  revision = "69483b4bd14f5845b5a1e55bca19e954e827f1d0"
  version = "v1.1.4"

[[projects]]
  digest = "1:a02bd33c56ab567d53246eeb40c76810c339af9fff7e43b5dd266f7d58d7ca4a"
  name = "github.com/ugorji/go"
  packages = ["codec"]
  pruneopts = "UT"
  revision = "ded73eae5db7e7a0ef6f55aace87a2873c5d2b74"

[[projects]]
  digest = "1:9fde240fe848d5015fe5941d306c07013caf5a7518ee9b22051f368444035397"
  name = "golang.org/x/crypto"
  packages = ["ssh"]
  pruneopts = "UT"
  revision = "1351f936d976c60a0a48d728281922cf63eafb8d"

[[projects]]
  digest = "1:0820494e132332fd73dd0c78557fac4f0b05e2362397fb46f54fc66dccc576b4"
  name = "golang.org/x/net"
  packages = [
    "context",
    "http2",
    "http2/hpack",
    "idna",
    "internal/timeseries",
    "lex/httplex",
    "trace",
  ]
  pruneopts = "UT"
  revision = "c8c74377599bd978aee1cf3b9b63a8634051cec2"

[[projects]]
  digest = "1:4ad35bc5fee720eac4de5aa08b740ee3a158c35e0b786bf3f631162a8b331512"
  name = "golang.org/x/sys"
  packages = ["unix"]
  pruneopts = "UT"
  revision = "e48874b42435b4347fc52bdee0424a52abc974d7"

[[projects]]
  digest = "1:6fa275e55166d97528ed230298aaff574aa9046d98140d76aa8953af1a2babda"
  name = "golang.org/x/text"
  packages = [
    "internal/gen",
    "internal/triegen",
    "internal/ucd",
    "secure/bidirule",
    "transform",
    "unicode/bidi",
    "unicode/cldr",
    "unicode/norm",
    "unicode/rangetable",
  ]
  pruneopts = "UT"
  revision = "5a42fa2464759cbb7ee0af9de00b54d69f09a29c"

[[projects]]
  branch = "master"
  digest = "1:077c1c599507b3b3e9156d17d36e1e61928ee9b53a5b420f10f28ebd4a0b275c"
  name = "google.golang.org/genproto"
  packages = ["googleapis/rpc/status"]
  pruneopts = "UT"
  revision = "4b09977fb92221987e99d190c8f88f2c92727a29"

[[projects]]
  digest = "1:6dfe7f3314a390dc9e21368dd41236169bf40ae69674f42b7bd45db537751a94"
  name = "google.golang.org/grpc"
  packages = [
    ".",
    "balancer",
    "balancer/base",
    "balancer/roundrobin",
    "binarylog/grpc_binarylog_v1",
    "codes",
    "connectivity",
    "credentials",
    "credentials/internal",
    "encoding",
    "encoding/proto",
    "grpclog",
    "health/grpc_health_v1",
    "internal",
    "internal/backoff",
    "internal/binarylog",
    "internal/channelz",
    "internal/envconfig",
    "internal/grpcrand",
    "internal/grpcsync",
    "internal/syscall",
    "internal/transport",
    "keepalive",
    "metadata",
    "naming",
    "peer",
    "resolver",
    "resolver/dns",
    "resolver/passthrough",
    "stats",
    "status",
    "tap",
  ]
  pruneopts = "UT"
  revision = "a02b0774206b209466313a0b525d2c738fe407eb"
  version = "v1.18.0"

[[projects]]
  digest = "1:cacb98d52c60c337c2ce95a7af83ba0313a93ce5e73fa9e99a96aff70776b9d3"
  name = "gopkg.in/yaml.v2"
  packages = ["."]
  pruneopts = "UT"
  revision = "a5b47d31c556af34a302ce5d659e6fea44d90de0"

[solve-meta]
  analyzer-name = "dep"
  analyzer-version = 1
  input-imports = [
    "code.cloudfoundry.org/bytefmt",
    "github.com/boltdb/bolt",
    "github.com/coreos/etcd/client",
    "github.com/coreos/etcd/clientv3",
    "github.com/coreos/etcd/mvcc/mvccpb",
    "github.com/fkautz/peertracker",
    "github.com/golang/groupcache",
    "github.com/gorilla/handlers",
    "github.com/gorilla/mux",
    "github.com/pquerna/cachecontrol/cacheobject",
    "github.com/spf13/cobra",
    "github.com/spf13/pflag",
    "github.com/spf13/viper",
    "github.com/stretchr/testify/assert",
    "github.com/stretchr/testify/mock",
    "golang.org/x/net/context",
  ]
  solver-name = "gps-cdcl"
  solver-version = 1
